
Microsoft Visual Studio Solution File, Format Version 12.00
# Visual Studio 15
VisualStudioVersion = 15.0.28307.102
MinimumVisualStudioVersion = 10.0.40219.1
Project("{9A19103F-16F7-4668-BE54-9A1E7A4F7556}") = "RecipeAPI", "RecipeAPI\RecipeAPI.csproj", "{13E28F66-CD57-45A4-9F28-979CC5D5C5AF}"
EndProject
Project("{9A19103F-16F7-4668-BE54-9A1E7A4F7556}") = "Infrastructure", "Infrastructure\Infrastructure.csproj", "{C0E7B967-F0AC-4EFC-90EF-9AD000166FCD}"
EndProject
Project("{9A19103F-16F7-4668-BE54-9A1E7A4F7556}") = "ApplicationCore", "ApplicationCore\ApplicationCore.csproj", "{7C201D21-A022-439E-9102-680BF469EA32}"
EndProject
Project("{FAE04EC0-301F-11D3-BF4B-00C04F79EFBC}") = "RecipeAPI.Tests", "RecipeAPI.Tests\RecipeAPI.Tests.csproj", "{77A2046C-49D4-4837-9A77-71C6C1A455D4}"
EndProject
Global
	GlobalSection(SolutionConfigurationPlatforms) = preSolution
		Debug|Any CPU = Debug|Any CPU
		Release|Any CPU = Release|Any CPU
	EndGlobalSection
	GlobalSection(ProjectConfigurationPlatforms) = postSolution
		{13E28F66-CD57-45A4-9F28-979CC5D5C5AF}.Debug|Any CPU.ActiveCfg = Debug|Any CPU
		{13E28F66-CD57-45A4-9F28-979CC5D5C5AF}.Debug|Any CPU.Build.0 = Debug|Any CPU
		{13E28F66-CD57-45A4-9F28-979CC5D5C5AF}.Release|Any CPU.ActiveCfg = Release|Any CPU
		{13E28F66-CD57-45A4-9F28-979CC5D5C5AF}.Release|Any CPU.Build.0 = Release|Any CPU
		{C0E7B967-F0AC-4EFC-90EF-9AD000166FCD}.Debug|Any CPU.ActiveCfg = Debug|Any CPU
		{C0E7B967-F0AC-4EFC-90EF-9AD000166FCD}.Debug|Any CPU.Build.0 = Debug|Any CPU
		{C0E7B967-F0AC-4EFC-90EF-9AD000166FCD}.Release|Any CPU.ActiveCfg = Release|Any CPU
		{C0E7B967-F0AC-4EFC-90EF-9AD000166FCD}.Release|Any CPU.Build.0 = Release|Any CPU
		{7C201D21-A022-439E-9102-680BF469EA32}.Debug|Any CPU.ActiveCfg = Debug|Any CPU
		{7C201D21-A022-439E-9102-680BF469EA32}.Debug|Any CPU.Build.0 = Debug|Any CPU
		{7C201D21-A022-439E-9102-680BF469EA32}.Release|Any CPU.ActiveCfg = Release|Any CPU
		{7C201D21-A022-439E-9102-680BF469EA32}.Release|Any CPU.Build.0 = Release|Any CPU
		{77A2046C-49D4-4837-9A77-71C6C1A455D4}.Debug|Any CPU.ActiveCfg = Debug|Any CPU
		{77A2046C-49D4-4837-9A77-71C6C1A455D4}.Debug|Any CPU.Build.0 = Debug|Any CPU
		{77A2046C-49D4-4837-9A77-71C6C1A455D4}.Release|Any CPU.ActiveCfg = Release|Any CPU
		{77A2046C-49D4-4837-9A77-71C6C1A455D4}.Release|Any CPU.Build.0 = Release|Any CPU
	EndGlobalSection
	GlobalSection(SolutionProperties) = preSolution
		HideSolutionNode = FALSE
	EndGlobalSection
	GlobalSection(ExtensibilityGlobals) = postSolution
		SolutionGuid = {D83F392B-D57C-46FF-886C-2141F52AB5EF}
	EndGlobalSection
EndGlobal
